{
  "name": "corpus-smj-sma-json",
  "version": "0.0.1",
  "lockfileVersion": 2,
  "requires": true,
  "packages": {
    "": {
      "name": "corpus-smj-sma-json",
      "version": "0.0.1",
      "license": "MIT",
      "devDependencies": {
        "corpus-sma": "eklem/corpus-sma",
        "corpus-smj": "eklem/corpus-smj"
      }
    },
    "node_modules/corpus-sma": {
      "version": "0.0.1",
      "resolved": "git+ssh://git@github.com/eklem/corpus-sma.git#ddbf03e41c875b3e2914b5f5ffffe33eb964ffdb",
      "dev": true,
      "license": "ISC"
    },
    "node_modules/corpus-smj": {
      "version": "0.0.1",
      "resolved": "git+ssh://git@github.com/eklem/corpus-smj.git#07e847cddd466ad2149b3a001e5ffbf45dec2810",
      "dev": true,
      "license": "ISC"
    }
  },
  "dependencies": {
    "corpus-sma": {
      "version": "git+ssh://git@github.com/eklem/corpus-sma.git#ddbf03e41c875b3e2914b5f5ffffe33eb964ffdb",
      "dev": true,
      "from": "corpus-sma@eklem/corpus-sma"
    },
    "corpus-smj": {
      "version": "git+ssh://git@github.com/eklem/corpus-smj.git#07e847cddd466ad2149b3a001e5ffbf45dec2810",
      "dev": true,
      "from": "corpus-smj@eklem/corpus-smj"
    }
  }
}
